
Microsoft Visual Studio Solution File, Format Version 12.00
# Visual Studio Version 16
VisualStudioVersion = 16.0.30204.135
MinimumVisualStudioVersion = 10.0.40219.1
Project("{FAE04EC0-301F-11D3-BF4B-00C04F79EFBC}") = "AlienOnslaught", "AlienOnslaught\AlienOnslaught.csproj", "{69EAF58A-3A42-4404-969E-FAB147F58376}"
EndProject
Global
	GlobalSection(SolutionConfigurationPlatforms) = preSolution
		Debug|Any CPU = Debug|Any CPU
		Release|Any CPU = Release|Any CPU
	EndGlobalSection
	GlobalSection(ProjectConfigurationPlatforms) = postSolution
		{69EAF58A-3A42-4404-969E-FAB147F58376}.Debug|Any CPU.ActiveCfg = Debug|Any CPU
		{69EAF58A-3A42-4404-969E-FAB147F58376}.Debug|Any CPU.Build.0 = Debug|Any CPU
		{69EAF58A-3A42-4404-969E-FAB147F58376}.Release|Any CPU.ActiveCfg = Release|Any CPU
		{69EAF58A-3A42-4404-969E-FAB147F58376}.Release|Any CPU.Build.0 = Release|Any CPU
	EndGlobalSection
	GlobalSection(SolutionProperties) = preSolution
		HideSolutionNode = FALSE
	EndGlobalSection
	GlobalSection(ExtensibilityGlobals) = postSolution
		SolutionGuid = {5EE302F6-CCF5-43DE-8AA0-D27791A22453}
	EndGlobalSection
EndGlobal
